
Microsoft Visual Studio Solution File, Format Version 12.00
# Visual Studio Version 17
VisualStudioVersion = 17.11.35222.181
MinimumVisualStudioVersion = 10.0.40219.1
Project("{FAE04EC0-301F-11D3-BF4B-00C04F79EFBC}") = "TeamprojectTeam3", "TeamprojectTeam3\TeamprojectTeam3.csproj", "{F2DCBFFD-2941-4F43-98D5-C1E63CC15340}"
EndProject
Global
	GlobalSection(SolutionConfigurationPlatforms) = preSolution
		Debug|Any CPU = Debug|Any CPU
		Release|Any CPU = Release|Any CPU
	EndGlobalSection
	GlobalSection(ProjectConfigurationPlatforms) = postSolution
		{F2DCBFFD-2941-4F43-98D5-C1E63CC15340}.Debug|Any CPU.ActiveCfg = Debug|Any CPU
		{F2DCBFFD-2941-4F43-98D5-C1E63CC15340}.Debug|Any CPU.Build.0 = Debug|Any CPU
		{F2DCBFFD-2941-4F43-98D5-C1E63CC15340}.Release|Any CPU.ActiveCfg = Release|Any CPU
		{F2DCBFFD-2941-4F43-98D5-C1E63CC15340}.Release|Any CPU.Build.0 = Release|Any CPU
	EndGlobalSection
	GlobalSection(SolutionProperties) = preSolution
		HideSolutionNode = FALSE
	EndGlobalSection
	GlobalSection(ExtensibilityGlobals) = postSolution
		SolutionGuid = {80FDCEFA-3007-480F-B086-ACAF770E0CFD}
	EndGlobalSection
EndGlobal
